// !$*UTF8*$!
{
	archiveVersion = 1;
	classes = {
	};
	objectVersion = 77;
	objects = {

/* Begin PBXBuildFile section */
		15A7AF3A2FA17A2A00DA08F0 /* WidgetKit.framework in Frameworks */ = {isa = PBXBuildFile; fileRef = 15A7AF392FA17A2A00DA08F0 /* WidgetKit.framework */; };
		15A7AF3C2FA17A2A00DA08F0 /* SwiftUI.framework in Frameworks */ = {isa = PBXBuildFile; fileRef = 15A7AF3B2FA17A2A00DA08F0 /* SwiftUI.framework */; };
		15A7AF492FA17A2E00DA08F0 /* AllotLiveActivityExtension.appex in Embed Foundation Extensions */ = {isa = PBXBuildFile; fileRef = 15A7AF372FA17A2A00DA08F0 /* AllotLiveActivityExtension.appex */; settings = {ATTRIBUTES = (RemoveHeadersOnCopy, ); }; };
/* End PBXBuildFile section */

/* Begin PBXContainerItemProxy section */
		15220D682F916E4700EC50FF /* PBXContainerItemProxy */ = {
			isa = PBXContainerItemProxy;
			containerPortal = 15220D502F916E4200EC50FF /* Project object */;
			proxyType = 1;
			remoteGlobalIDString = 15220D572F916E4200EC50FF;
			remoteInfo = Allot;
		};
		15220D722F916E4700EC50FF /* PBXContainerItemProxy */ = {
			isa = PBXContainerItemProxy;
			containerPortal = 15220D502F916E4200EC50FF /* Project object */;
			proxyType = 1;
			remoteGlobalIDString = 15220D572F916E4200EC50FF;
			remoteInfo = Allot;
		};
		15A7AF472FA17A2E00DA08F0 /* PBXContainerItemProxy */ = {
			isa = PBXContainerItemProxy;
			containerPortal = 15220D502F916E4200EC50FF /* Project object */;
			proxyType = 1;
			remoteGlobalIDString = 15A7AF362FA17A2A00DA08F0;
			remoteInfo = AllotLiveActivityExtension;
		};
/* End PBXContainerItemProxy section */

/* Begin PBXCopyFilesBuildPhase section */
		15A7AF4A2FA17A2E00DA08F0 /* Embed Foundation Extensions */ = {
			isa = PBXCopyFilesBuildPhase;
			buildActionMask = 2147483647;
			dstPath = "";
			dstSubfolderSpec = 13;
			files = (
				15A7AF492FA17A2E00DA08F0 /* AllotLiveActivityExtension.appex in Embed Foundation Extensions */,
			);
			name = "Embed Foundation Extensions";
			runOnlyForDeploymentPostprocessing = 0;
		};
/* End PBXCopyFilesBuildPhase section */

/* Begin PBXFileReference section */
		15220D582F916E4200EC50FF /* Allot.app */ = {isa = PBXFileReference; explicitFileType = wrapper.application; includeInIndex = 0; path = Allot.app; sourceTree = BUILT_PRODUCTS_DIR; };
		15220D672F916E4700EC50FF /* AllotTests.xctest */ = {isa = PBXFileReference; explicitFileType = wrapper.cfbundle; includeInIndex = 0; path = AllotTests.xctest; sourceTree = BUILT_PRODUCTS_DIR; };
		15220D712F916E4700EC50FF /* AllotUITests.xctest */ = {isa = PBXFileReference; explicitFileType = wrapper.cfbundle; includeInIndex = 0; path = AllotUITests.xctest; sourceTree = BUILT_PRODUCTS_DIR; };
		15A7AF372FA17A2A00DA08F0 /* AllotLiveActivityExtension.appex */ = {isa = PBXFileReference; explicitFileType = "wrapper.app-extension"; includeInIndex = 0; path = AllotLiveActivityExtension.appex; sourceTree = BUILT_PRODUCTS_DIR; };
		15A7AF392FA17A2A00DA08F0 /* WidgetKit.framework */ = {isa = PBXFileReference; lastKnownFileType = wrapper.framework; name = WidgetKit.framework; path = System/Library/Frameworks/WidgetKit.framework; sourceTree = SDKROOT; };
		15A7AF3B2FA17A2A00DA08F0 /* SwiftUI.framework */ = {isa = PBXFileReference; lastKnownFileType = wrapper.framework; name = SwiftUI.framework; path = System/Library/Frameworks/SwiftUI.framework; sourceTree = SDKROOT; };
/* End PBXFileReference section */

/* Begin PBXFileSystemSynchronizedBuildFileExceptionSet section */
		15A7AF4D2FA17A2E00DA08F0 /* Exceptions for "AllotLiveActivity" folder in "AllotLiveActivityExtension" target */ = {
			isa = PBXFileSystemSynchronizedBuildFileExceptionSet;
			membershipExceptions = (
				Info.plist,
			);
			target = 15A7AF362FA17A2A00DA08F0 /* AllotLiveActivityExtension */;
		};
		15A7AF542FA17B5A00DA08F0 /* Exceptions for "Allot" folder in "AllotLiveActivityExtension" target */ = {
			isa = PBXFileSystemSynchronizedBuildFileExceptionSet;
			membershipExceptions = (
				Activities/FocusActivityAttributes.swift,
				Views/Components/DesignTokens.swift,
			);
			target = 15A7AF362FA17A2A00DA08F0 /* AllotLiveActivityExtension */;
		};
/* End PBXFileSystemSynchronizedBuildFileExceptionSet section */

/* Begin PBXFileSystemSynchronizedRootGroup section */
		15220D5A2F916E4200EC50FF /* Allot */ = {
			isa = PBXFileSystemSynchronizedRootGroup;
			exceptions = (
				15A7AF542FA17B5A00DA08F0 /* Exceptions for "Allot" folder in "AllotLiveActivityExtension" target */,
			);
			path = Allot;
			sourceTree = "<group>";
		};
		15220D6A2F916E4700EC50FF /* AllotTests */ = {
			isa = PBXFileSystemSynchronizedRootGroup;
			path = AllotTests;
			sourceTree = "<group>";
		};
		15220D742F916E4700EC50FF /* AllotUITests */ = {
			isa = PBXFileSystemSynchronizedRootGroup;
			path = AllotUITests;
			sourceTree = "<group>";
		};
		15A7AF3D2FA17A2A00DA08F0 /* AllotLiveActivity */ = {
			isa = PBXFileSystemSynchronizedRootGroup;
			exceptions = (
				15A7AF4D2FA17A2E00DA08F0 /* Exceptions for "AllotLiveActivity" folder in "AllotLiveActivityExtension" target */,
			);
			path = AllotLiveActivity;
			sourceTree = "<group>";
		};
/* End PBXFileSystemSynchronizedRootGroup section */

/* Begin PBXFrameworksBuildPhase section */
		15220D552F916E4200EC50FF /* Frameworks */ = {
			isa = PBXFrameworksBuildPhase;
			buildActionMask = 2147483647;
			files = (
			);
			runOnlyForDeploymentPostprocessing = 0;
		};
		15220D642F916E4700EC50FF /* Frameworks */ = {
			isa = PBXFrameworksBuildPhase;
			buildActionMask = 2147483647;
			files = (
			);
			runOnlyForDeploymentPostprocessing = 0;
		};
		15220D6E2F916E4700EC50FF /* Frameworks */ = {
			isa = PBXFrameworksBuildPhase;
			buildActionMask = 2147483647;
			files = (
			);
			runOnlyForDeploymentPostprocessing = 0;
		};
		15A7AF342FA17A2A00DA08F0 /* Frameworks */ = {
			isa = PBXFrameworksBuildPhase;
			buildActionMask = 2147483647;
			files = (
				15A7AF3C2FA17A2A00DA08F0 /* SwiftUI.framework in Frameworks */,
				15A7AF3A2FA17A2A00DA08F0 /* WidgetKit.framework in Frameworks */,
			);
			runOnlyForDeploymentPostprocessing = 0;
		};
/* End PBXFrameworksBuildPhase section */

/* Begin PBXGroup section */
		15220D4F2F916E4200EC50FF = {
			isa = PBXGroup;
			children = (
				15220D5A2F916E4200EC50FF /* Allot */,
				15220D6A2F916E4700EC50FF /* AllotTests */,
				15220D742F916E4700EC50FF /* AllotUITests */,
				15A7AF3D2FA17A2A00DA08F0 /* AllotLiveActivity */,
				15A7AF382FA17A2A00DA08F0 /* Frameworks */,
				15220D592F916E4200EC50FF /* Products */,
			);
			sourceTree = "<group>";
		};
		15220D592F916E4200EC50FF /* Products */ = {
			isa = PBXGroup;
			children = (
				15220D582F916E4200EC50FF /* Allot.app */,
				15220D672F916E4700EC50FF /* AllotTests.xctest */,
				15220D712F916E4700EC50FF /* AllotUITests.xctest */,
				15A7AF372FA17A2A00DA08F0 /* AllotLiveActivityExtension.appex */,
			);
			name = Products;
			sourceTree = "<group>";
		};
		15A7AF382FA17A2A00DA08F0 /* Frameworks */ = {
			isa = PBXGroup;
			children = (
				15A7AF392FA17A2A00DA08F0 /* WidgetKit.framework */,
				15A7AF3B2FA17A2A00DA08F0 /* SwiftUI.framework */,
			);
			name = Frameworks;
			sourceTree = "<group>";
		};
/* End PBXGroup section */

/* Begin PBXNativeTarget section */
		15220D572F916E4200EC50FF /* Allot */ = {
			isa = PBXNativeTarget;
			buildConfigurationList = 15220D7B2F916E4700EC50FF /* Build configuration list for PBXNativeTarget "Allot" */;
			buildPhases = (
				15220D542F916E4200EC50FF /* Sources */,
				15220D552F916E4200EC50FF /* Frameworks */,
				15220D562F916E4200EC50FF /* Resources */,
				15A7AF4A2FA17A2E00DA08F0 /* Embed Foundation Extensions */,
			);
			buildRules = (
			);
			dependencies = (
				15A7AF482FA17A2E00DA08F0 /* PBXTargetDependency */,
			);
			fileSystemSynchronizedGroups = (
				15220D5A2F916E4200EC50FF /* Allot */,
			);
			name = Allot;
			packageProductDependencies = (
			);
			productName = Allot;
			productReference = 15220D582F916E4200EC50FF /* Allot.app */;
			productType = "com.apple.product-type.application";
		};
		15220D662F916E4700EC50FF /* AllotTests */ = {
			isa = PBXNativeTarget;
			buildConfigurationList = 15220D7E2F916E4700EC50FF /* Build configuration list for PBXNativeTarget "AllotTests" */;
			buildPhases = (
				15220D632F916E4700EC50FF /* Sources */,
				15220D642F916E4700EC50FF /* Frameworks */,
				15220D652F916E4700EC50FF /* Resources */,
			);
			buildRules = (
			);
			dependencies = (
				15220D692F916E4700EC50FF /* PBXTargetDependency */,
			);
			fileSystemSynchronizedGroups = (
				15220D6A2F916E4700EC50FF /* AllotTests */,
			);
			name = AllotTests;
			packageProductDependencies = (
			);
			productName = AllotTests;
			productReference = 15220D672F916E4700EC50FF /* AllotTests.xctest */;
			productType = "com.apple.product-type.bundle.unit-test";
		};
		15220D702F916E4700EC50FF /* AllotUITests */ = {
			isa = PBXNativeTarget;
			buildConfigurationList = 15220D812F916E4700EC50FF /* Build configuration list for PBXNativeTarget "AllotUITests" */;
			buildPhases = (
				15220D6D2F916E4700EC50FF /* Sources */,
				15220D6E2F916E4700EC50FF /* Frameworks */,
				15220D6F2F916E4700EC50FF /* Resources */,
			);
			buildRules = (
			);
			dependencies = (
				15220D732F916E4700EC50FF /* PBXTargetDependency */,
			);
			fileSystemSynchronizedGroups = (
				15220D742F916E4700EC50FF /* AllotUITests */,
			);
			name = AllotUITests;
			packageProductDependencies = (
			);
			productName = AllotUITests;
			productReference = 15220D712F916E4700EC50FF /* AllotUITests.xctest */;
			productType = "com.apple.product-type.bundle.ui-testing";
		};
		15A7AF362FA17A2A00DA08F0 /* AllotLiveActivityExtension */ = {
			isa = PBXNativeTarget;
			buildConfigurationList = 15A7AF4E2FA17A2E00DA08F0 /* Build configuration list for PBXNativeTarget "AllotLiveActivityExtension" */;
			buildPhases = (
				15A7AF332FA17A2A00DA08F0 /* Sources */,
				15A7AF342FA17A2A00DA08F0 /* Frameworks */,
				15A7AF352FA17A2A00DA08F0 /* Resources */,
			);
			buildRules = (
			);
			dependencies = (
			);
			fileSystemSynchronizedGroups = (
				15A7AF3D2FA17A2A00DA08F0 /* AllotLiveActivity */,
			);
			name = AllotLiveActivityExtension;
			packageProductDependencies = (
			);
			productName = AllotLiveActivityExtension;
			productReference = 15A7AF372FA17A2A00DA08F0 /* AllotLiveActivityExtension.appex */;
			productType = "com.apple.product-type.app-extension";
		};
/* End PBXNativeTarget section */

/* Begin PBXProject section */
		15220D502F916E4200EC50FF /* Project object */ = {
			isa = PBXProject;
			attributes = {
				BuildIndependentTargetsInParallel = 1;
				LastSwiftUpdateCheck = 2640;
				LastUpgradeCheck = 2640;
				TargetAttributes = {
					15220D572F916E4200EC50FF = {
						CreatedOnToolsVersion = 26.4;
					};
					15220D662F916E4700EC50FF = {
						CreatedOnToolsVersion = 26.4;
						TestTargetID = 15220D572F916E4200EC50FF;
					};
					15220D702F916E4700EC50FF = {
						CreatedOnToolsVersion = 26.4;
						TestTargetID = 15220D572F916E4200EC50FF;
					};
					15A7AF362FA17A2A00DA08F0 = {
						CreatedOnToolsVersion = 26.4.1;
					};
				};
			};
			buildConfigurationList = 15220D532F916E4200EC50FF /* Build configuration list for PBXProject "Allot" */;
			developmentRegion = en;
			hasScannedForEncodings = 0;
			knownRegions = (
				en,
				Base,
			);
			mainGroup = 15220D4F2F916E4200EC50FF;
			minimizedProjectReferenceProxies = 1;
			preferredProjectObjectVersion = 77;
			productRefGroup = 15220D592F916E4200EC50FF /* Products */;
			projectDirPath = "";
			projectRoot = "";
			targets = (
				15220D572F916E4200EC50FF /* Allot */,
				15220D662F916E4700EC50FF /* AllotTests */,
				15220D702F916E4700EC50FF /* AllotUITests */,
				15A7AF362FA17A2A00DA08F0 /* AllotLiveActivityExtension */,
			);
		};
/* End PBXProject section */

/* Begin PBXResourcesBuildPhase section */
		15220D562F916E4200EC50FF /* Resources */ = {
			isa = PBXResourcesBuildPhase;
			buildActionMask = 2147483647;
			files = (
			);
			runOnlyForDeploymentPostprocessing = 0;
		};
		15220D652F916E4700EC50FF /* Resources */ = {
			isa = PBXResourcesBuildPhase;
			buildActionMask = 2147483647;
			files = (
			);
			runOnlyForDeploymentPostprocessing = 0;
		};
		15220D6F2F916E4700EC50FF /* Resources */ = {
			isa = PBXResourcesBuildPhase;
			buildActionMask = 2147483647;
			files = (
			);
			runOnlyForDeploymentPostprocessing = 0;
		};
		15A7AF352FA17A2A00DA08F0 /* Resources */ = {
			isa = PBXResourcesBuildPhase;
			buildActionMask = 2147483647;
			files = (
			);
			runOnlyForDeploymentPostprocessing = 0;
		};
/* End PBXResourcesBuildPhase section */

/* Begin PBXSourcesBuildPhase section */
		15220D542F916E4200EC50FF /* Sources */ = {
			isa = PBXSourcesBuildPhase;
			buildActionMask = 2147483647;
			files = (
			);
			runOnlyForDeploymentPostprocessing = 0;
		};
		15220D632F916E4700EC50FF /* Sources */ = {
			isa = PBXSourcesBuildPhase;
			buildActionMask = 2147483647;
			files = (
			);
			runOnlyForDeploymentPostprocessing = 0;
		};
		15220D6D2F916E4700EC50FF /* Sources */ = {
			isa = PBXSourcesBuildPhase;
			buildActionMask = 2147483647;
			files = (
			);
			runOnlyForDeploymentPostprocessing = 0;
		};
		15A7AF332FA17A2A00DA08F0 /* Sources */ = {
			isa = PBXSourcesBuildPhase;
			buildActionMask = 2147483647;
			files = (
			);
			runOnlyForDeploymentPostprocessing = 0;
		};
/* End PBXSourcesBuildPhase section */

/* Begin PBXTargetDependency section */
		15220D692F916E4700EC50FF /* PBXTargetDependency */ = {
			isa = PBXTargetDependency;
			target = 15220D572F916E4200EC50FF /* Allot */;
			targetProxy = 15220D682F916E4700EC50FF /* PBXContainerItemProxy */;
		};
		15220D732F916E4700EC50FF /* PBXTargetDependency */ = {
			isa = PBXTargetDependency;
			target = 15220D572F916E4200EC50FF /* Allot */;
			targetProxy = 15220D722F916E4700EC50FF /* PBXContainerItemProxy */;
		};
		15A7AF482FA17A2E00DA08F0 /* PBXTargetDependency */ = {
			isa = PBXTargetDependency;
			target = 15A7AF362FA17A2A00DA08F0 /* AllotLiveActivityExtension */;
			targetProxy = 15A7AF472FA17A2E00DA08F0 /* PBXContainerItemProxy */;
		};
/* End PBXTargetDependency section */

/* Begin XCBuildConfiguration section */
		15220D792F916E4700EC50FF /* Debug */ = {
			isa = XCBuildConfiguration;
			buildSettings = {
				ALWAYS_SEARCH_USER_PATHS = NO;
				ASSETCATALOG_COMPILER_GENERATE_SWIFT_ASSET_SYMBOL_EXTENSIONS = YES;
				CLANG_ANALYZER_NONNULL = YES;
				CLANG_ANALYZER_NUMBER_OBJECT_CONVERSION = YES_AGGRESSIVE;
				CLANG_CXX_LANGUAGE_STANDARD = "gnu++20";
				CLANG_ENABLE_MODULES = YES;
				CLANG_ENABLE_OBJC_ARC = YES;
				CLANG_ENABLE_OBJC_WEAK = YES;
				CLANG_WARN_BLOCK_CAPTURE_AUTORELEASING = YES;
				CLANG_WARN_BOOL_CONVERSION = YES;
				CLANG_WARN_COMMA = YES;
				CLANG_WARN_CONSTANT_CONVERSION = YES;
				CLANG_WARN_DEPRECATED_OBJC_IMPLEMENTATIONS = YES;
				CLANG_WARN_DIRECT_OBJC_ISA_USAGE = YES_ERROR;
				CLANG_WARN_DOCUMENTATION_COMMENTS = YES;
				CLANG_WARN_EMPTY_BODY = YES;
				CLANG_WARN_ENUM_CONVERSION = YES;
				CLANG_WARN_INFINITE_RECURSION = YES;
				CLANG_WARN_INT_CONVERSION = YES;
				CLANG_WARN_NON_LITERAL_NULL_CONVERSION = YES;
				CLANG_WARN_OBJC_IMPLICIT_RETAIN_SELF = YES;
				CLANG_WARN_OBJC_LITERAL_CONVERSION = YES;
				CLANG_WARN_OBJC_ROOT_CLASS = YES_ERROR;
				CLANG_WARN_QUOTED_INCLUDE_IN_FRAMEWORK_HEADER = YES;
				CLANG_WARN_RANGE_LOOP_ANALYSIS = YES;
				CLANG_WARN_STRICT_PROTOTYPES = YES;
				CLANG_WARN_SUSPICIOUS_MOVE = YES;
				CLANG_WARN_UNGUARDED_AVAILABILITY = YES_AGGRESSIVE;
				CLANG_WARN_UNREACHABLE_CODE = YES;
				CLANG_WARN__DUPLICATE_METHOD_MATCH = YES;
				COPY_PHASE_STRIP = NO;
				DEBUG_INFORMATION_FORMAT = dwarf;
				DEVELOPMENT_TEAM = 526LTP6Z7D;
				ENABLE_STRICT_OBJC_MSGSEND = YES;
				ENABLE_TESTABILITY = YES;
				ENABLE_USER_SCRIPT_SANDBOXING = YES;
				GCC_C_LANGUAGE_STANDARD = gnu17;
				GCC_DYNAMIC_NO_PIC = NO;
				GCC_NO_COMMON_BLOCKS = YES;
				GCC_OPTIMIZATION_LEVEL = 0;
				GCC_PREPROCESSOR_DEFINITIONS = (
					"DEBUG=1",
					"$(inherited)",
				);
				GCC_WARN_64_TO_32_BIT_CONVERSION = YES;
				GCC_WARN_ABOUT_RETURN_TYPE = YES_ERROR;
				GCC_WARN_UNDECLARED_SELECTOR = YES;
				GCC_WARN_UNINITIALIZED_AUTOS = YES_AGGRESSIVE;
				GCC_WARN_UNUSED_FUNCTION = YES;
				GCC_WARN_UNUSED_VARIABLE = YES;
				IPHONEOS_DEPLOYMENT_TARGET = 18.6;
				LOCALIZATION_PREFERS_STRING_CATALOGS = YES;
				MTL_ENABLE_DEBUG_INFO = INCLUDE_SOURCE;
				MTL_FAST_MATH = YES;
				ONLY_ACTIVE_ARCH = YES;
				SDKROOT = iphoneos;
				SWIFT_ACTIVE_COMPILATION_CONDITIONS = "DEBUG $(inherited)";
				SWIFT_OPTIMIZATION_LEVEL = "-Onone";
			};
			name = Debug;
		};
		15220D7A2F916E4700EC50FF /* Release */ = {
			isa = XCBuildConfiguration;
			buildSettings = {
				ALWAYS_SEARCH_USER_PATHS = NO;
				ASSETCATALOG_COMPILER_GENERATE_SWIFT_ASSET_SYMBOL_EXTENSIONS = YES;
				CLANG_ANALYZER_NONNULL = YES;
				CLANG_ANALYZER_NUMBER_OBJECT_CONVERSION = YES_AGGRESSIVE;
				CLANG_CXX_LANGUAGE_STANDARD = "gnu++20";
				CLANG_ENABLE_MODULES = YES;
				CLANG_ENABLE_OBJC_ARC = YES;
				CLANG_ENABLE_OBJC_WEAK = YES;
				CLANG_WARN_BLOCK_CAPTURE_AUTORELEASING = YES;
				CLANG_WARN_BOOL_CONVERSION = YES;
				CLANG_WARN_COMMA = YES;
				CLANG_WARN_CONSTANT_CONVERSION = YES;
				CLANG_WARN_DEPRECATED_OBJC_IMPLEMENTATIONS = YES;
				CLANG_WARN_DIRECT_OBJC_ISA_USAGE = YES_ERROR;
				CLANG_WARN_DOCUMENTATION_COMMENTS = YES;
				CLANG_WARN_EMPTY_BODY = YES;
				CLANG_WARN_ENUM_CONVERSION = YES;
				CLANG_WARN_INFINITE_RECURSION = YES;
				CLANG_WARN_INT_CONVERSION = YES;
				CLANG_WARN_NON_LITERAL_NULL_CONVERSION = YES;
				CLANG_WARN_OBJC_IMPLICIT_RETAIN_SELF = YES;
				CLANG_WARN_OBJC_LITERAL_CONVERSION = YES;
				CLANG_WARN_OBJC_ROOT_CLASS = YES_ERROR;
				CLANG_WARN_QUOTED_INCLUDE_IN_FRAMEWORK_HEADER = YES;
				CLANG_WARN_RANGE_LOOP_ANALYSIS = YES;
				CLANG_WARN_STRICT_PROTOTYPES = YES;
				CLANG_WARN_SUSPICIOUS_MOVE = YES;
				CLANG_WARN_UNGUARDED_AVAILABILITY = YES_AGGRESSIVE;
				CLANG_WARN_UNREACHABLE_CODE = YES;
				CLANG_WARN__DUPLICATE_METHOD_MATCH = YES;
				COPY_PHASE_STRIP = NO;
				DEBUG_INFORMATION_FORMAT = "dwarf-with-dsym";
				DEVELOPMENT_TEAM = 526LTP6Z7D;
				ENABLE_NS_ASSERTIONS = NO;
				ENABLE_STRICT_OBJC_MSGSEND = YES;
				ENABLE_USER_SCRIPT_SANDBOXING = YES;
				GCC_C_LANGUAGE_STANDARD = gnu17;
				GCC_NO_COMMON_BLOCKS = YES;
				GCC_WARN_64_TO_32_BIT_CONVERSION = YES;
				GCC_WARN_ABOUT_RETURN_TYPE = YES_ERROR;
				GCC_WARN_UNDECLARED_SELECTOR = YES;
				GCC_WARN_UNINITIALIZED_AUTOS = YES_AGGRESSIVE;
				GCC_WARN_UNUSED_FUNCTION = YES;
				GCC_WARN_UNUSED_VARIABLE = YES;
				IPHONEOS_DEPLOYMENT_TARGET = 18.6;
				LOCALIZATION_PREFERS_STRING_CATALOGS = YES;
				MTL_ENABLE_DEBUG_INFO = NO;
				MTL_FAST_MATH = YES;
				SDKROOT = iphoneos;
				SWIFT_COMPILATION_MODE = wholemodule;
				VALIDATE_PRODUCT = YES;
			};
			name = Release;
		};
		15220D7C2F916E4700EC50FF /* Debug */ = {
			isa = XCBuildConfiguration;
			buildSettings = {
				ASSETCATALOG_COMPILER_APPICON_NAME = AppIcon;
				ASSETCATALOG_COMPILER_GLOBAL_ACCENT_COLOR_NAME = AccentColor;
				CODE_SIGN_STYLE = Automatic;
				CURRENT_PROJECT_VERSION = 1;
				DEVELOPMENT_TEAM = SKDUW38P9T;
				ENABLE_PREVIEWS = YES;
				GENERATE_INFOPLIST_FILE = YES;
				INFOPLIST_KEY_NSSupportsLiveActivities = YES;
				INFOPLIST_KEY_NSSupportsLiveActivitiesFrequentUpdates = YES;
				INFOPLIST_KEY_UIApplicationSceneManifest_Generation = YES;
				INFOPLIST_KEY_UIApplicationSupportsIndirectInputEvents = YES;
				INFOPLIST_KEY_UILaunchScreen_Generation = YES;
				INFOPLIST_KEY_UISupportedInterfaceOrientations_iPad = "UIInterfaceOrientationPortrait UIInterfaceOrientationPortraitUpsideDown UIInterfaceOrientationLandscapeLeft UIInterfaceOrientationLandscapeRight";
				INFOPLIST_KEY_UISupportedInterfaceOrientations_iPhone = "UIInterfaceOrientationPortrait UIInterfaceOrientationLandscapeLeft UIInterfaceOrientationLandscapeRight";
				IPHONEOS_DEPLOYMENT_TARGET = 18.6;
				LD_RUNPATH_SEARCH_PATHS = (
					"$(inherited)",
					"@executable_path/Frameworks",
				);
				MARKETING_VERSION = 1.0;
				PRODUCT_BUNDLE_IDENTIFIER = com.EL.fire.Allot;
				PRODUCT_NAME = "$(TARGET_NAME)";
				STRING_CATALOG_GENERATE_SYMBOLS = YES;
				SWIFT_APPROACHABLE_CONCURRENCY = YES;
				SWIFT_DEFAULT_ACTOR_ISOLATION = MainActor;
				SWIFT_EMIT_LOC_STRINGS = YES;
				SWIFT_UPCOMING_FEATURE_MEMBER_IMPORT_VISIBILITY = YES;
				SWIFT_VERSION = 5.0;
				TARGETED_DEVICE_FAMILY = "1,2";
			};
			name = Debug;
		};
		15220D7D2F916E4700EC50FF /* Release */ = {
			isa = XCBuildConfiguration;
			buildSettings = {
				ASSETCATALOG_COMPILER_APPICON_NAME = AppIcon;
				ASSETCATALOG_COMPILER_GLOBAL_ACCENT_COLOR_NAME = AccentColor;
				CODE_SIGN_STYLE = Automatic;
				CURRENT_PROJECT_VERSION = 1;
				DEVELOPMENT_TEAM = SKDUW38P9T;
				ENABLE_PREVIEWS = YES;
				GENERATE_INFOPLIST_FILE = YES;
				INFOPLIST_KEY_NSSupportsLiveActivities = YES;
				INFOPLIST_KEY_NSSupportsLiveActivitiesFrequentUpdates = YES;
				INFOPLIST_KEY_UIApplicationSceneManifest_Generation = YES;
				INFOPLIST_KEY_UIApplicationSupportsIndirectInputEvents = YES;
				INFOPLIST_KEY_UILaunchScreen_Generation = YES;
				INFOPLIST_KEY_UISupportedInterfaceOrientations_iPad = "UIInterfaceOrientationPortrait UIInterfaceOrientationPortraitUpsideDown UIInterfaceOrientationLandscapeLeft UIInterfaceOrientationLandscapeRight";
				INFOPLIST_KEY_UISupportedInterfaceOrientations_iPhone = "UIInterfaceOrientationPortrait UIInterfaceOrientationLandscapeLeft UIInterfaceOrientationLandscapeRight";
				IPHONEOS_DEPLOYMENT_TARGET = 18.6;
				LD_RUNPATH_SEARCH_PATHS = (
					"$(inherited)",
					"@executable_path/Frameworks",
				);
				MARKETING_VERSION = 1.0;
				PRODUCT_BUNDLE_IDENTIFIER = com.EL.fire.Allot;
				PRODUCT_NAME = "$(TARGET_NAME)";
				STRING_CATALOG_GENERATE_SYMBOLS = YES;
				SWIFT_APPROACHABLE_CONCURRENCY = YES;
				SWIFT_DEFAULT_ACTOR_ISOLATION = MainActor;
				SWIFT_EMIT_LOC_STRINGS = YES;
				SWIFT_UPCOMING_FEATURE_MEMBER_IMPORT_VISIBILITY = YES;
				SWIFT_VERSION = 5.0;
				TARGETED_DEVICE_FAMILY = "1,2";
			};
			name = Release;
		};
		15220D7F2F916E4700EC50FF /* Debug */ = {
			isa = XCBuildConfiguration;
			buildSettings = {
				BUNDLE_LOADER = "$(TEST_HOST)";
				CODE_SIGN_STYLE = Automatic;
				CURRENT_PROJECT_VERSION = 1;
				DEVELOPMENT_TEAM = 526LTP6Z7D;
				GENERATE_INFOPLIST_FILE = YES;
				IPHONEOS_DEPLOYMENT_TARGET = 18.6;
				MARKETING_VERSION = 1.0;
				PRODUCT_BUNDLE_IDENTIFIER = com.FL.fire.AllotTests;
				PRODUCT_NAME = "$(TARGET_NAME)";
				STRING_CATALOG_GENERATE_SYMBOLS = NO;
				SWIFT_APPROACHABLE_CONCURRENCY = YES;
				SWIFT_EMIT_LOC_STRINGS = NO;
				SWIFT_UPCOMING_FEATURE_MEMBER_IMPORT_VISIBILITY = YES;
				SWIFT_VERSION = 5.0;
				TARGETED_DEVICE_FAMILY = "1,2";
				TEST_HOST = "$(BUILT_PRODUCTS_DIR)/Allot.app/$(BUNDLE_EXECUTABLE_FOLDER_PATH)/Allot";
			};
			name = Debug;
		};
		15220D802F916E4700EC50FF /* Release */ = {
			isa = XCBuildConfiguration;
			buildSettings = {
				BUNDLE_LOADER = "$(TEST_HOST)";
				CODE_SIGN_STYLE = Automatic;
				CURRENT_PROJECT_VERSION = 1;
				DEVELOPMENT_TEAM = 526LTP6Z7D;
				GENERATE_INFOPLIST_FILE = YES;
				IPHONEOS_DEPLOYMENT_TARGET = 18.6;
				MARKETING_VERSION = 1.0;
				PRODUCT_BUNDLE_IDENTIFIER = com.FL.fire.AllotTests;
				PRODUCT_NAME = "$(TARGET_NAME)";
				STRING_CATALOG_GENERATE_SYMBOLS = NO;
				SWIFT_APPROACHABLE_CONCURRENCY = YES;
				SWIFT_EMIT_LOC_STRINGS = NO;
				SWIFT_UPCOMING_FEATURE_MEMBER_IMPORT_VISIBILITY = YES;
				SWIFT_VERSION = 5.0;
				TARGETED_DEVICE_FAMILY = "1,2";
				TEST_HOST = "$(BUILT_PRODUCTS_DIR)/Allot.app/$(BUNDLE_EXECUTABLE_FOLDER_PATH)/Allot";
			};
			name = Release;
		};
		15220D822F916E4700EC50FF /* Debug */ = {
			isa = XCBuildConfiguration;
			buildSettings = {
				CODE_SIGN_STYLE = Automatic;
				CURRENT_PROJECT_VERSION = 1;
				DEVELOPMENT_TEAM = 526LTP6Z7D;
				GENERATE_INFOPLIST_FILE = YES;
				MARKETING_VERSION = 1.0;
				PRODUCT_BUNDLE_IDENTIFIER = com.FL.fire.AllotUITests;
				PRODUCT_NAME = "$(TARGET_NAME)";
				STRING_CATALOG_GENERATE_SYMBOLS = NO;
				SWIFT_APPROACHABLE_CONCURRENCY = YES;
				SWIFT_EMIT_LOC_STRINGS = NO;
				SWIFT_UPCOMING_FEATURE_MEMBER_IMPORT_VISIBILITY = YES;
				SWIFT_VERSION = 5.0;
				TARGETED_DEVICE_FAMILY = "1,2";
				TEST_TARGET_NAME = Allot;
			};
			name = Debug;
		};
		15220D832F916E4700EC50FF /* Release */ = {
			isa = XCBuildConfiguration;
			buildSettings = {
				CODE_SIGN_STYLE = Automatic;
				CURRENT_PROJECT_VERSION = 1;
				DEVELOPMENT_TEAM = 526LTP6Z7D;
				GENERATE_INFOPLIST_FILE = YES;
				MARKETING_VERSION = 1.0;
				PRODUCT_BUNDLE_IDENTIFIER = com.FL.fire.AllotUITests;
				PRODUCT_NAME = "$(TARGET_NAME)";
				STRING_CATALOG_GENERATE_SYMBOLS = NO;
				SWIFT_APPROACHABLE_CONCURRENCY = YES;
				SWIFT_EMIT_LOC_STRINGS = NO;
				SWIFT_UPCOMING_FEATURE_MEMBER_IMPORT_VISIBILITY = YES;
				SWIFT_VERSION = 5.0;
				TARGETED_DEVICE_FAMILY = "1,2";
				TEST_TARGET_NAME = Allot;
			};
			name = Release;
		};
		15A7AF4B2FA17A2E00DA08F0 /* Debug */ = {
			isa = XCBuildConfiguration;
			buildSettings = {
				ASSETCATALOG_COMPILER_GLOBAL_ACCENT_COLOR_NAME = AccentColor;
				ASSETCATALOG_COMPILER_WIDGET_BACKGROUND_COLOR_NAME = WidgetBackground;
				CODE_SIGN_STYLE = Automatic;
				CURRENT_PROJECT_VERSION = 1;
				DEVELOPMENT_TEAM = SKDUW38P9T;
				GENERATE_INFOPLIST_FILE = YES;
				INFOPLIST_FILE = AllotLiveActivity/Info.plist;
				INFOPLIST_KEY_CFBundleDisplayName = AllotLiveActivity;
				INFOPLIST_KEY_NSHumanReadableCopyright = "";
				IPHONEOS_DEPLOYMENT_TARGET = 18.6;
				LD_RUNPATH_SEARCH_PATHS = (
					"$(inherited)",
					"@executable_path/Frameworks",
					"@executable_path/../../Frameworks",
				);
				MARKETING_VERSION = 1.0;
				PRODUCT_BUNDLE_IDENTIFIER = com.EL.fire.Allot.AllotLiveActivity;
				PRODUCT_NAME = "$(TARGET_NAME)";
				SKIP_INSTALL = YES;
				STRING_CATALOG_GENERATE_SYMBOLS = YES;
				SWIFT_APPROACHABLE_CONCURRENCY = YES;
				SWIFT_EMIT_LOC_STRINGS = YES;
				SWIFT_UPCOMING_FEATURE_MEMBER_IMPORT_VISIBILITY = YES;
				SWIFT_VERSION = 5.0;
				TARGETED_DEVICE_FAMILY = "1,2";
			};
			name = Debug;
		};
		15A7AF4C2FA17A2E00DA08F0 /* Release */ = {
			isa = XCBuildConfiguration;
			buildSettings = {
				ASSETCATALOG_COMPILER_GLOBAL_ACCENT_COLOR_NAME = AccentColor;
				ASSETCATALOG_COMPILER_WIDGET_BACKGROUND_COLOR_NAME = WidgetBackground;
				CODE_SIGN_STYLE = Automatic;
				CURRENT_PROJECT_VERSION = 1;
				DEVELOPMENT_TEAM = SKDUW38P9T;
				GENERATE_INFOPLIST_FILE = YES;
				INFOPLIST_FILE = AllotLiveActivity/Info.plist;
				INFOPLIST_KEY_CFBundleDisplayName = AllotLiveActivity;
				INFOPLIST_KEY_NSHumanReadableCopyright = "";
				IPHONEOS_DEPLOYMENT_TARGET = 18.6;
				LD_RUNPATH_SEARCH_PATHS = (
					"$(inherited)",
					"@executable_path/Frameworks",
					"@executable_path/../../Frameworks",
				);
				MARKETING_VERSION = 1.0;
				PRODUCT_BUNDLE_IDENTIFIER = com.EL.fire.Allot.AllotLiveActivity;
				PRODUCT_NAME = "$(TARGET_NAME)";
				SKIP_INSTALL = YES;
				STRING_CATALOG_GENERATE_SYMBOLS = YES;
				SWIFT_APPROACHABLE_CONCURRENCY = YES;
				SWIFT_EMIT_LOC_STRINGS = YES;
				SWIFT_UPCOMING_FEATURE_MEMBER_IMPORT_VISIBILITY = YES;
				SWIFT_VERSION = 5.0;
				TARGETED_DEVICE_FAMILY = "1,2";
			};
			name = Release;
		};
/* End XCBuildConfiguration section */

/* Begin XCConfigurationList section */
		15220D532F916E4200EC50FF /* Build configuration list for PBXProject "Allot" */ = {
			isa = XCConfigurationList;
			buildConfigurations = (
				15220D792F916E4700EC50FF /* Debug */,
				15220D7A2F916E4700EC50FF /* Release */,
			);
			defaultConfigurationIsVisible = 0;
			defaultConfigurationName = Release;
		};
		15220D7B2F916E4700EC50FF /* Build configuration list for PBXNativeTarget "Allot" */ = {
			isa = XCConfigurationList;
			buildConfigurations = (
				15220D7C2F916E4700EC50FF /* Debug */,
				15220D7D2F916E4700EC50FF /* Release */,
			);
			defaultConfigurationIsVisible = 0;
			defaultConfigurationName = Release;
		};
		15220D7E2F916E4700EC50FF /* Build configuration list for PBXNativeTarget "AllotTests" */ = {
			isa = XCConfigurationList;
			buildConfigurations = (
				15220D7F2F916E4700EC50FF /* Debug */,
				15220D802F916E4700EC50FF /* Release */,
			);
			defaultConfigurationIsVisible = 0;
			defaultConfigurationName = Release;
		};
		15220D812F916E4700EC50FF /* Build configuration list for PBXNativeTarget "AllotUITests" */ = {
			isa = XCConfigurationList;
			buildConfigurations = (
				15220D822F916E4700EC50FF /* Debug */,
				15220D832F916E4700EC50FF /* Release */,
			);
			defaultConfigurationIsVisible = 0;
			defaultConfigurationName = Release;
		};
		15A7AF4E2FA17A2E00DA08F0 /* Build configuration list for PBXNativeTarget "AllotLiveActivityExtension" */ = {
			isa = XCConfigurationList;
			buildConfigurations = (
				15A7AF4B2FA17A2E00DA08F0 /* Debug */,
				15A7AF4C2FA17A2E00DA08F0 /* Release */,
			);
			defaultConfigurationIsVisible = 0;
			defaultConfigurationName = Release;
		};
/* End XCConfigurationList section */
	};
	rootObject = 15220D502F916E4200EC50FF /* Project object */;
}
